
Microsoft Visual Studio Solution File, Format Version 12.00
# Visual Studio Version 17
VisualStudioVersion = 17.11.35208.52
MinimumVisualStudioVersion = 10.0.40219.1
Project("{FAE04EC0-301F-11D3-BF4B-00C04F79EFBC}") = "WebApiFuncionarios", "WebApiFuncionarios\WebApiFuncionarios.csproj", "{3710E493-DBA8-4A32-820E-58108935FABB}"
EndProject
Global
	GlobalSection(SolutionConfigurationPlatforms) = preSolution
		Debug|Any CPU = Debug|Any CPU
		Release|Any CPU = Release|Any CPU
	EndGlobalSection
	GlobalSection(ProjectConfigurationPlatforms) = postSolution
		{3710E493-DBA8-4A32-820E-58108935FABB}.Debug|Any CPU.ActiveCfg = Debug|Any CPU
		{3710E493-DBA8-4A32-820E-58108935FABB}.Debug|Any CPU.Build.0 = Debug|Any CPU
		{3710E493-DBA8-4A32-820E-58108935FABB}.Release|Any CPU.ActiveCfg = Release|Any CPU
		{3710E493-DBA8-4A32-820E-58108935FABB}.Release|Any CPU.Build.0 = Release|Any CPU
	EndGlobalSection
	GlobalSection(SolutionProperties) = preSolution
		HideSolutionNode = FALSE
	EndGlobalSection
	GlobalSection(ExtensibilityGlobals) = postSolution
		SolutionGuid = {EC865850-7F73-4872-BC51-584EC272522E}
	EndGlobalSection
EndGlobal
